# THIS IS AN AUTOGENERATED FILE. DO NOT EDIT THIS FILE DIRECTLY.
# yarn lockfile v1


"@alpinejs/anchor@^3.13.8":
  version "3.14.1"
  resolved "https://registry.yarnpkg.com/@alpinejs/anchor/-/anchor-3.14.1.tgz#94bd5b496ab753764550ebef03c2863b8798a67a"
  integrity sha512-fA3FXtLfurEbcIm0PLnyxHF2k8fQmIx5Omn7kZOE2TWYtLF6jk0NnW9WxpwzjTKwJOXKejURDiTxvIN3ViykcQ==

"@alpinejs/collapse@^3.13.8":
  version "3.14.1"
  resolved "https://registry.yarnpkg.com/@alpinejs/collapse/-/collapse-3.14.1.tgz#3e02f60c909bb5c297c05fc4fc57c95c7294d630"
  integrity sha512-aI0pq8SjK7c43/nMIVL1Lt8naowPRepqQGNSb9KaG7adEneOwj/vq4ZaeZYjuGbd8sq1LKPwWU+klIZIXXujUA==

"@alpinejs/focus@^3.13.8":
  version "3.14.1"
  resolved "https://registry.yarnpkg.com/@alpinejs/focus/-/focus-3.14.1.tgz#b0bb74b19a7d21b6455af5869a390cd4b09c4612"
  integrity sha512-z4xdpK6X1LB2VitsWbL61tmABoOORuEhE5v2tnUX/be6/nAygXyeDxZ1x9s1u+bOEYlIOXXLmjdmTlhchUVWxw==
  dependencies:
    focus-trap "^6.9.4"
    tabbable "^5.3.3"

"@alpinejs/mask@^3.13.8":
  version "3.14.1"
  resolved "https://registry.yarnpkg.com/@alpinejs/mask/-/mask-3.14.1.tgz#07a2e6e38e7cb2a0106a6897994b012bb9000149"
  integrity sha512-xW5uyn9lFMpvdzA4RfSE3lj+HjA7BjtEk+QJXU7jB5Wxpe0Jk5qFOrCydTDl+bFkRwOk/fMe2PG7IWeWEnn4BA==

"@alpinejs/persist@^3.13.8":
  version "3.14.1"
  resolved "https://registry.yarnpkg.com/@alpinejs/persist/-/persist-3.14.1.tgz#0078e9bceee52cb595932d402cb9113d644bd2a6"
  integrity sha512-odlZ6RZRcysaIdbhcbvuxRmq1wXlKWytjsfgz4U45vZbozU/WcTDkWbyyHjnrbMWgFIsS/jRiohtJuXN0js7PA==

"@pagefind/darwin-arm64@1.1.1":
  version "1.1.1"
  resolved "https://registry.yarnpkg.com/@pagefind/darwin-arm64/-/darwin-arm64-1.1.1.tgz#39e75bc62c86cae62a6f903da3b1bacdcbce976c"
  integrity sha512-tZ9tysUmQpFs2EqWG2+E1gc+opDAhSyZSsgKmFzhnWfkK02YHZhvL5XJXEZDqYy3s1FAKhwjTg8XDxneuBlDZQ==

"@pagefind/darwin-x64@1.1.1":
  version "1.1.1"
  resolved "https://registry.yarnpkg.com/@pagefind/darwin-x64/-/darwin-x64-1.1.1.tgz#a238631d406b8d9ae2bc35e049f5781fc492a6d6"
  integrity sha512-ChohLQ39dLwaxQv0jIQB/SavP3TM5K5ENfDTqIdzLkmfs3+JlzSDyQKcJFjTHYcCzQOZVeieeGq8PdqvLJxJxQ==

"@pagefind/linux-arm64@1.1.1":
  version "1.1.1"
  resolved "https://registry.yarnpkg.com/@pagefind/linux-arm64/-/linux-arm64-1.1.1.tgz#53542dc7873acac5d8fe58f529952bf5598a3bab"
  integrity sha512-H5P6wDoCoAbdsWp0Zx0DxnLUrwTGWGLu/VI1rcN2CyFdY2EGSvPQsbGBMrseKRNuIrJDFtxHHHyjZ7UbzaM9EA==

"@pagefind/linux-x64@1.1.1":
  version "1.1.1"
  resolved "https://registry.yarnpkg.com/@pagefind/linux-x64/-/linux-x64-1.1.1.tgz#3d37d7132bfa1bc23827ebb918ef3878566c88d6"
  integrity sha512-yJs7tTYbL2MI3HT+ngs9E1BfUbY9M4/YzA0yEM5xBo4Xl8Yu8Qg2xZTOQ1/F6gwvMrjCUFo8EoACs6LRDhtMrQ==

"@pagefind/windows-x64@1.1.1":
  version "1.1.1"
  resolved "https://registry.yarnpkg.com/@pagefind/windows-x64/-/windows-x64-1.1.1.tgz#3d227dd9fe8f11c573a9256a980a5d2f2b073cd7"
  integrity sha512-b7/qPqgIl+lMzkQ8fJt51SfguB396xbIIR+VZ3YrL2tLuyifDJ1wL5mEm+ddmHxJ2Fki340paPcDan9en5OmAw==

"@vue/reactivity@~3.1.1":
  version "3.1.5"
  resolved "https://registry.yarnpkg.com/@vue/reactivity/-/reactivity-3.1.5.tgz#dbec4d9557f7c8f25c2635db1e23a78a729eb991"
  integrity sha512-1tdfLmNjWG6t/CsPldh+foumYFo3cpyCHgBYQ34ylaMsJ+SNHQ1kApMIa8jN+i593zQuaw3AdWH0nJTARzCFhg==
  dependencies:
    "@vue/shared" "3.1.5"

"@vue/shared@3.1.5":
  version "3.1.5"
  resolved "https://registry.yarnpkg.com/@vue/shared/-/shared-3.1.5.tgz#74ee3aad995d0a3996a6bb9533d4d280514ede03"
  integrity sha512-oJ4F3TnvpXaQwZJNF3ZK+kLPHKarDmJjJ6jyzVNDKH9md1dptjC7lWR//jrGuLdek/U6iltWxqAnYOu8gCiOvA==

alpinejs@^3.13.8:
  version "3.14.1"
  resolved "https://registry.yarnpkg.com/alpinejs/-/alpinejs-3.14.1.tgz#549e056c3b75e57c0f23076a13cde09da684ba0a"
  integrity sha512-ICar8UsnRZAYvv/fCNfNeKMXNoXGUfwHrjx7LqXd08zIP95G2d9bAOuaL97re+1mgt/HojqHsfdOLo/A5LuWgQ==
  dependencies:
    "@vue/reactivity" "~3.1.1"

currency.js@^2.0.4:
  version "2.0.4"
  resolved "https://registry.yarnpkg.com/currency.js/-/currency.js-2.0.4.tgz#a8a4d69be3b2e509bf67a560c78220bc04809cf1"
  integrity sha512-6/OplJYgJ0RUlli74d93HJ/OsKVBi8lB1+Z6eJYS1YZzBuIp4qKKHpJ7ad+GvTlWmLR/hLJOWTykN5Nm8NJ7+w==

focus-trap@^6.9.4:
  version "6.9.4"
  resolved "https://registry.yarnpkg.com/focus-trap/-/focus-trap-6.9.4.tgz#436da1a1d935c48b97da63cd8f361c6f3aa16444"
  integrity sha512-v2NTsZe2FF59Y+sDykKY+XjqZ0cPfhq/hikWVL88BqLivnNiEffAsac6rP6H45ff9wG9LL5ToiDqrLEP9GX9mw==
  dependencies:
    tabbable "^5.3.3"

pagefind@^1.1.1:
  version "1.1.1"
  resolved "https://registry.yarnpkg.com/pagefind/-/pagefind-1.1.1.tgz#0fce88df2f2e1ee1c4f92ea024443c78ae271e64"
  integrity sha512-U2YR0dQN5B2fbIXrLtt/UXNS0yWSSYfePaad1KcBPTi0p+zRtsVjwmoPaMQgTks5DnHNbmDxyJUL5TGaLljK3A==
  optionalDependencies:
    "@pagefind/darwin-arm64" "1.1.1"
    "@pagefind/darwin-x64" "1.1.1"
    "@pagefind/linux-arm64" "1.1.1"
    "@pagefind/linux-x64" "1.1.1"
    "@pagefind/windows-x64" "1.1.1"

tabbable@^5.3.3:
  version "5.3.3"
  resolved "https://registry.yarnpkg.com/tabbable/-/tabbable-5.3.3.tgz#aac0ff88c73b22d6c3c5a50b1586310006b47fbf"
  integrity sha512-QD9qKY3StfbZqWOPLp0++pOrAVb/HbUi5xCc8cUo4XjP19808oaMiDzn0leBY5mCespIBM0CIZePzZjgzR83kA==

wavesurfer.js@^7.7.10:
  version "7.8.6"
  resolved "https://registry.yarnpkg.com/wavesurfer.js/-/wavesurfer.js-7.8.6.tgz#753eb22c93c27225a1c878f13d1a1bee073365dd"
  integrity sha512-EDexkMwkkQBTWruhfWQRkTtvRggtKFTPuJX/oZ5wbIZEfyww9EBeLr2mtkxzA1S8TlWPx6adY5WyjOlNYNyHSg==
