# THIS IS AN AUTOGENERATED FILE. DO NOT EDIT THIS FILE DIRECTLY.
# yarn lockfile v1


"@alpinejs/anchor@^3.15.0":
  version "3.15.8"
  resolved "https://registry.yarnpkg.com/@alpinejs/anchor/-/anchor-3.15.8.tgz#66c9ed32e4e015f49d78d34fbcd64a01d0572f0a"
  integrity sha512-TLQD9htRlcIPX+bGp1Tfkc5aWac7lC6jfCHZurkxdVLMbJxJ0ZVDBjgCG+B++uknCwBnIDHZ8w6nZPQ+7MILSw==

"@alpinejs/collapse@^3.15.0":
  version "3.15.8"
  resolved "https://registry.yarnpkg.com/@alpinejs/collapse/-/collapse-3.15.8.tgz#825b33ef668514d1614902a09214d2e8be90e4b5"
  integrity sha512-zZhD8DHdHuzGFe8+cHNH99K//oFutzKwcy6vagydb3KFlTzmqxTnHZo5sSV81lAazhV7qKsYCKtNV14tR9QkJw==

"@alpinejs/focus@^3.15.0":
  version "3.15.8"
  resolved "https://registry.yarnpkg.com/@alpinejs/focus/-/focus-3.15.8.tgz#8c3b757ecf4cfb06079c78c71cf9702ac47309bc"
  integrity sha512-YPF7jtaMFqrWI7xLjathWe/Hi/dXLReGoeZZxJZCW6pgmbFaVKqUFhl3DA+kUPSYsEhh9xk2wr9yoTZ2aB8xew==
  dependencies:
    focus-trap "^6.9.4"
    tabbable "^5.3.3"

"@alpinejs/mask@^3.15.0":
  version "3.15.8"
  resolved "https://registry.yarnpkg.com/@alpinejs/mask/-/mask-3.15.8.tgz#fb30c93363c4c1cbcf48cd26c25029a66bdf4c0e"
  integrity sha512-u0VjGOMgz42Fx5g4FxvKR6hcevgTegfVXOY6VO4aHYCaND1ISEu1yzlmWp7K8UUinYKO5KqJ+wbFiW0FGOvLqA==

"@alpinejs/persist@^3.15.0":
  version "3.15.8"
  resolved "https://registry.yarnpkg.com/@alpinejs/persist/-/persist-3.15.8.tgz#afb746d9f0d9259a52361ff38cd84d129c66b3f8"
  integrity sha512-xKJk0aa5p0QAquP9ivEuLnpzuBC2MyoWmiMRVzWiTR9/VLnbVgFM+6dE/D+NvfKOzhTSeht6FkYqOi/C27LBTg==

"@pagefind/darwin-arm64@1.5.0-beta.1":
  version "1.5.0-beta.1"
  resolved "https://registry.yarnpkg.com/@pagefind/darwin-arm64/-/darwin-arm64-1.5.0-beta.1.tgz#2a337c1588688d583b00eee7d1e9931a0dabe5dd"
  integrity sha512-oOcnXy83NK+utpeHN3igrug7RpZpu0lLNpGOXfTKJaOc44lIvxnDI0ceJnwvRqDCl+KLSGpqn4uWczmEMtnikQ==

"@pagefind/darwin-x64@1.5.0-beta.1":
  version "1.5.0-beta.1"
  resolved "https://registry.yarnpkg.com/@pagefind/darwin-x64/-/darwin-x64-1.5.0-beta.1.tgz#f2ad32200d7114650af0761e2233cf30c0b17028"
  integrity sha512-ZL2+L+rtjPv0sZ1CcrtuDqJgorkGr6DTcm3KargL2gvlIfup73GEZ1S0rNSLPIR1azUa+fuiW2dI8SEacCRcBQ==

"@pagefind/freebsd-x64@1.5.0-beta.1":
  version "1.5.0-beta.1"
  resolved "https://registry.yarnpkg.com/@pagefind/freebsd-x64/-/freebsd-x64-1.5.0-beta.1.tgz#189003991771adebd77c5ac7931ea16cd13cb6f0"
  integrity sha512-OYUJUAipl8PX2kl5GJUd0Jt1lmzbeG2Ld0J6FWNZw3eEQ9Qs58bviuo7bg99xJEV8K//GO3PrD6JHzFI5umUJA==

"@pagefind/linux-arm64@1.5.0-beta.1":
  version "1.5.0-beta.1"
  resolved "https://registry.yarnpkg.com/@pagefind/linux-arm64/-/linux-arm64-1.5.0-beta.1.tgz#8cf37719b81c0e52ff0f3e96ba318e9454822808"
  integrity sha512-xaHp0iBnhC/jWRmwLZ5+x1f/DK1G9Z2rdXgNh7YTEes0hSaQwwu6JzAKjhH9K1rYClWnRDfHIF+SBu5MY48ecQ==

"@pagefind/linux-x64@1.5.0-beta.1":
  version "1.5.0-beta.1"
  resolved "https://registry.yarnpkg.com/@pagefind/linux-x64/-/linux-x64-1.5.0-beta.1.tgz#49bdaaee3d995be4d34c21a28744c052754d3794"
  integrity sha512-3UzHImmoMC1xTN3uD6myxKMDxygEQu+i4f1qRGAyetXudkK5ItlLZycAso6+e5Te0jNlDRDosTE5ulj+MuR4dg==

"@pagefind/windows-x64@1.5.0-beta.1":
  version "1.5.0-beta.1"
  resolved "https://registry.yarnpkg.com/@pagefind/windows-x64/-/windows-x64-1.5.0-beta.1.tgz#8a520325f881182d0a7ad2ffe5a7e532a5fc0c47"
  integrity sha512-A+D7zCNPdXXaUw2TIyTdrMSK61wq7yRluXL/b/dxFyBP/qycFV8wqIiLx14vQH+pKgXOeMdIkiLAA+HUnbPWwg==

"@vue/reactivity@~3.1.1":
  version "3.1.5"
  resolved "https://registry.yarnpkg.com/@vue/reactivity/-/reactivity-3.1.5.tgz#dbec4d9557f7c8f25c2635db1e23a78a729eb991"
  integrity sha512-1tdfLmNjWG6t/CsPldh+foumYFo3cpyCHgBYQ34ylaMsJ+SNHQ1kApMIa8jN+i593zQuaw3AdWH0nJTARzCFhg==
  dependencies:
    "@vue/shared" "3.1.5"

"@vue/shared@3.1.5":
  version "3.1.5"
  resolved "https://registry.yarnpkg.com/@vue/shared/-/shared-3.1.5.tgz#74ee3aad995d0a3996a6bb9533d4d280514ede03"
  integrity sha512-oJ4F3TnvpXaQwZJNF3ZK+kLPHKarDmJjJ6jyzVNDKH9md1dptjC7lWR//jrGuLdek/U6iltWxqAnYOu8gCiOvA==

alpinejs@^3.15.0:
  version "3.15.8"
  resolved "https://registry.yarnpkg.com/alpinejs/-/alpinejs-3.15.8.tgz#2817920fc8af4a63a8c6e57fc66aa71a5f6d8e89"
  integrity sha512-zxIfCRTBGvF1CCLIOMQOxAyBuqibxSEwS6Jm1a3HGA9rgrJVcjEWlwLcQTVGAWGS8YhAsTRLVrtQ5a5QT9bSSQ==
  dependencies:
    "@vue/reactivity" "~3.1.1"

currency.js@^2.0.4:
  version "2.0.4"
  resolved "https://registry.yarnpkg.com/currency.js/-/currency.js-2.0.4.tgz#a8a4d69be3b2e509bf67a560c78220bc04809cf1"
  integrity sha512-6/OplJYgJ0RUlli74d93HJ/OsKVBi8lB1+Z6eJYS1YZzBuIp4qKKHpJ7ad+GvTlWmLR/hLJOWTykN5Nm8NJ7+w==

focus-trap@^6.9.4:
  version "6.9.4"
  resolved "https://registry.yarnpkg.com/focus-trap/-/focus-trap-6.9.4.tgz#436da1a1d935c48b97da63cd8f361c6f3aa16444"
  integrity sha512-v2NTsZe2FF59Y+sDykKY+XjqZ0cPfhq/hikWVL88BqLivnNiEffAsac6rP6H45ff9wG9LL5ToiDqrLEP9GX9mw==
  dependencies:
    tabbable "^5.3.3"

pagefind@^1.5.0-beta.1:
  version "1.5.0-beta.1"
  resolved "https://registry.yarnpkg.com/pagefind/-/pagefind-1.5.0-beta.1.tgz#4478c31c002b3666f0fb70e8b7b4b4b57778f16e"
  integrity sha512-TOOP7e1C7Nd82wWFu2P5ElIFbNLiqdrKlBz6/BpyeJ6t17NtldrQyPmsBiHsv+eu7E6uXo7lG9MYsUcLMk+6ew==
  optionalDependencies:
    "@pagefind/darwin-arm64" "1.5.0-beta.1"
    "@pagefind/darwin-x64" "1.5.0-beta.1"
    "@pagefind/freebsd-x64" "1.5.0-beta.1"
    "@pagefind/linux-arm64" "1.5.0-beta.1"
    "@pagefind/linux-x64" "1.5.0-beta.1"
    "@pagefind/windows-x64" "1.5.0-beta.1"

tabbable@^5.3.3:
  version "5.3.3"
  resolved "https://registry.yarnpkg.com/tabbable/-/tabbable-5.3.3.tgz#aac0ff88c73b22d6c3c5a50b1586310006b47fbf"
  integrity sha512-QD9qKY3StfbZqWOPLp0++pOrAVb/HbUi5xCc8cUo4XjP19808oaMiDzn0leBY5mCespIBM0CIZePzZjgzR83kA==

wavesurfer.js@^7.10.1:
  version "7.12.1"
  resolved "https://registry.yarnpkg.com/wavesurfer.js/-/wavesurfer.js-7.12.1.tgz#4b46dc5ee1a0429c7c33ca78397105c4a087f1fb"
  integrity sha512-NswPjVHxk0Q1F/VMRemCPUzSojjuHHisQrBqQiRXg7MVbe3f5vQ6r0rTTXA/a/neC/4hnOEC4YpXca4LpH0SUg==
